# Generated by move; do not edit
# This file should be checked in.

[move]
version = 3
manifest_digest = "7B6F9374741DDD85E5430F55199E6D7D171AD604213DD6036CA0FDE0B6F59BE6"
deps_digest = "F8BBB0CCB2491CA29A3DF03D6F92277A4F3574266507ACD77214D37ECA3F3082"
dependencies = [
  { id = "Sui", name = "Sui" },
]

[[move.package]]
id = "MoveStdlib"
source = { git = "https://github.com/MystenLabs/sui.git", rev = "framework/mainnet", subdir = "crates\\sui-framework\\packages\\move-stdlib" }

[[move.package]]
id = "Sui"
source = { git = "https://github.com/MystenLabs/sui.git", rev = "framework/mainnet", subdir = "crates/sui-framework/packages/sui-framework" }

dependencies = [
  { id = "MoveStdlib", name = "MoveStdlib" },
]

[move.toolchain-version]
compiler-version = "1.62.0"
edition = "2024"
flavor = "sui"

[pinned.testnet.MoveStdlib]
source = { git = "https://github.com/MystenLabs/sui.git", subdir = 'crates\sui-framework\packages\move-stdlib', rev = "072a2111619715c3348d1b83c0526c3bcfa5cdd1" }
use_environment = "testnet"
manifest_digest = "C4FE4C91DE74CBF223B2E380AE40F592177D21870DC2D7EB6227D2D694E05363"
deps = {}

[pinned.testnet.Sui]
source = { git = "https://github.com/MystenLabs/sui.git", subdir = 'crates\sui-framework\packages\sui-framework', rev = "072a2111619715c3348d1b83c0526c3bcfa5cdd1" }
use_environment = "testnet"
manifest_digest = "7AFB66695545775FBFBB2D3078ADFD084244D5002392E837FDE21D9EA1C6D01C"
deps = { MoveStdlib = "MoveStdlib" }

[pinned.testnet.suiproof]
source = { root = true }
use_environment = "testnet"
manifest_digest = "DEE42C89BB3F8EC67C17BC4AE0CEBE14A28F4FA787E857046EAF0FA38D556496"
deps = { Sui = "Sui" }

[env]

[env.testnet]
chain-id = "4c78adac"
original-published-id = "0x81c59d6e3e50667e0897e130d47a4e7f088559d5137cf0eff867518a3fac6309"
latest-published-id = "0x81c59d6e3e50667e0897e130d47a4e7f088559d5137cf0eff867518a3fac6309"
published-version = "1"
